// !$*UTF8*$!
{
	archiveVersion = 1;
	classes = {
	};
	objectVersion = 48;
	objects = {

/* Begin PBXBuildFile section */
		57EBD467A75E74975DDFD0AA /* Pods_GeographicalAppUITests.framework in Frameworks */ = {isa = PBXBuildFile; fileRef = 6426515E856D7E2859813C07 /* Pods_GeographicalAppUITests.framework */; };
		78FC647910F0873ACADFCD45 /* Pods_GeographicalAppTests.framework in Frameworks */ = {isa = PBXBuildFile; fileRef = A14659FE7112FC3DE0F0E95C /* Pods_GeographicalAppTests.framework */; };
		913E861D202DAF7A0091F059 /* AppDelegate.swift in Sources */ = {isa = PBXBuildFile; fileRef = 913E861C202DAF7A0091F059 /* AppDelegate.swift */; };
		913E8622202DAF7A0091F059 /* Main.storyboard in Resources */ = {isa = PBXBuildFile; fileRef = 913E8620202DAF7A0091F059 /* Main.storyboard */; };
		913E8624202DAF7A0091F059 /* Assets.xcassets in Resources */ = {isa = PBXBuildFile; fileRef = 913E8623202DAF7A0091F059 /* Assets.xcassets */; };
		913E8627202DAF7A0091F059 /* LaunchScreen.storyboard in Resources */ = {isa = PBXBuildFile; fileRef = 913E8625202DAF7A0091F059 /* LaunchScreen.storyboard */; };
		913E8632202DAF7A0091F059 /* GeographicalAppTests.swift in Sources */ = {isa = PBXBuildFile; fileRef = 913E8631202DAF7A0091F059 /* GeographicalAppTests.swift */; };
		913E863D202DAF7A0091F059 /* GeographicalAppUITests.swift in Sources */ = {isa = PBXBuildFile; fileRef = 913E863C202DAF7A0091F059 /* GeographicalAppUITests.swift */; };
		913E864E202DBD020091F059 /* GABaseMappable.swift in Sources */ = {isa = PBXBuildFile; fileRef = 913E864D202DBD020091F059 /* GABaseMappable.swift */; };
		913E8652202DBDA00091F059 /* GABaseViewModel.swift in Sources */ = {isa = PBXBuildFile; fileRef = 913E8651202DBDA00091F059 /* GABaseViewModel.swift */; };
		913E8654202DBDCC0091F059 /* GALocationViewModel.swift in Sources */ = {isa = PBXBuildFile; fileRef = 913E8653202DBDCC0091F059 /* GALocationViewModel.swift */; };
		913E8658202DBEA10091F059 /* UIView+CardShadow.swift in Sources */ = {isa = PBXBuildFile; fileRef = 913E8657202DBEA10091F059 /* UIView+CardShadow.swift */; };
		913E865B202DBFF60091F059 /* GALocationDetailsCell.swift in Sources */ = {isa = PBXBuildFile; fileRef = 913E865A202DBFF60091F059 /* GALocationDetailsCell.swift */; };
		913E8660202DC1950091F059 /* GAMapViewController.swift in Sources */ = {isa = PBXBuildFile; fileRef = 913E865F202DC1950091F059 /* GAMapViewController.swift */; };
		913E8663202DC1B40091F059 /* GALocationsListViewController.swift in Sources */ = {isa = PBXBuildFile; fileRef = 913E8662202DC1B40091F059 /* GALocationsListViewController.swift */; };
		913E8665202DC1CC0091F059 /* GABaseController.swift in Sources */ = {isa = PBXBuildFile; fileRef = 913E8664202DC1CC0091F059 /* GABaseController.swift */; };
		913E8668202DC2080091F059 /* GAMasterViewController.swift in Sources */ = {isa = PBXBuildFile; fileRef = 913E8667202DC2080091F059 /* GAMasterViewController.swift */; };
		913E866B202DC33B0091F059 /* Constants.swift in Sources */ = {isa = PBXBuildFile; fileRef = 913E866A202DC33B0091F059 /* Constants.swift */; };
		913E866E202DC46D0091F059 /* GALocationService.swift in Sources */ = {isa = PBXBuildFile; fileRef = 913E866D202DC46D0091F059 /* GALocationService.swift */; };
		913E8670202DC4AD0091F059 /* GAMappingManager.swift in Sources */ = {isa = PBXBuildFile; fileRef = 913E866F202DC4AD0091F059 /* GAMappingManager.swift */; };
		913E8675202DC6080091F059 /* GALocationsPresenter.swift in Sources */ = {isa = PBXBuildFile; fileRef = 913E8674202DC6080091F059 /* GALocationsPresenter.swift */; };
		913E8677202DD0180091F059 /* GALocationsListViewController+UITableView.swift in Sources */ = {isa = PBXBuildFile; fileRef = 913E8676202DD0180091F059 /* GALocationsListViewController+UITableView.swift */; };
		913E8679202DD3710091F059 /* GALocationsDataBaseViewController.swift in Sources */ = {isa = PBXBuildFile; fileRef = 913E8678202DD3710091F059 /* GALocationsDataBaseViewController.swift */; };
		913E8680202DD6630091F059 /* Dubai-Medium.ttf in Resources */ = {isa = PBXBuildFile; fileRef = 913E867C202DD6630091F059 /* Dubai-Medium.ttf */; };
		913E8681202DD6630091F059 /* Dubai-Light.ttf in Resources */ = {isa = PBXBuildFile; fileRef = 913E867D202DD6630091F059 /* Dubai-Light.ttf */; };
		913E8682202DD6630091F059 /* Dubai-Regular.ttf in Resources */ = {isa = PBXBuildFile; fileRef = 913E867E202DD6630091F059 /* Dubai-Regular.ttf */; };
		913E8683202DD6630091F059 /* Dubai-Bold.ttf in Resources */ = {isa = PBXBuildFile; fileRef = 913E867F202DD6630091F059 /* Dubai-Bold.ttf */; };
		913E8685202DD6750091F059 /* DMLocations.json in Resources */ = {isa = PBXBuildFile; fileRef = 913E8684202DD6750091F059 /* DMLocations.json */; };
		913E8686202DD6750091F059 /* DMLocations.json in Resources */ = {isa = PBXBuildFile; fileRef = 913E8684202DD6750091F059 /* DMLocations.json */; };
		913E8687202DD6750091F059 /* DMLocations.json in Resources */ = {isa = PBXBuildFile; fileRef = 913E8684202DD6750091F059 /* DMLocations.json */; };
		913E868D202DD7A80091F059 /* GALocationDataModel.swift in Sources */ = {isa = PBXBuildFile; fileRef = 913E868C202DD7A80091F059 /* GALocationDataModel.swift */; };
		913E868E202DD7A80091F059 /* GALocationDataModel.swift in Sources */ = {isa = PBXBuildFile; fileRef = 913E868C202DD7A80091F059 /* GALocationDataModel.swift */; };
		913E868F202DD7A80091F059 /* GALocationDataModel.swift in Sources */ = {isa = PBXBuildFile; fileRef = 913E868C202DD7A80091F059 /* GALocationDataModel.swift */; };
		913E8691202E3F6B0091F059 /* CustomCalloutView.swift in Sources */ = {isa = PBXBuildFile; fileRef = 913E8690202E3F6B0091F059 /* CustomCalloutView.swift */; };
		913E8695202E40860091F059 /* Utils.swift in Sources */ = {isa = PBXBuildFile; fileRef = 913E8694202E40860091F059 /* Utils.swift */; };
		913E8696202E40860091F059 /* Utils.swift in Sources */ = {isa = PBXBuildFile; fileRef = 913E8694202E40860091F059 /* Utils.swift */; };
		913E8697202E40860091F059 /* Utils.swift in Sources */ = {isa = PBXBuildFile; fileRef = 913E8694202E40860091F059 /* Utils.swift */; };
		913E8699202E414E0091F059 /* CustomCalloutView.xib in Resources */ = {isa = PBXBuildFile; fileRef = 913E8698202E414E0091F059 /* CustomCalloutView.xib */; };
		913E869A202E414E0091F059 /* CustomCalloutView.xib in Resources */ = {isa = PBXBuildFile; fileRef = 913E8698202E414E0091F059 /* CustomCalloutView.xib */; };
		913E869B202E414E0091F059 /* CustomCalloutView.xib in Resources */ = {isa = PBXBuildFile; fileRef = 913E8698202E414E0091F059 /* CustomCalloutView.xib */; };
		913E86A1202E46B10091F059 /* BuildingAnnotation.swift in Sources */ = {isa = PBXBuildFile; fileRef = 913E86A0202E46B10091F059 /* BuildingAnnotation.swift */; };
		913E86A2202E46B10091F059 /* BuildingAnnotation.swift in Sources */ = {isa = PBXBuildFile; fileRef = 913E86A0202E46B10091F059 /* BuildingAnnotation.swift */; };
		913E86A3202E46B10091F059 /* BuildingAnnotation.swift in Sources */ = {isa = PBXBuildFile; fileRef = 913E86A0202E46B10091F059 /* BuildingAnnotation.swift */; };
		913E86A5202E4B090091F059 /* AnnotationView.swift in Sources */ = {isa = PBXBuildFile; fileRef = 913E86A4202E4B090091F059 /* AnnotationView.swift */; };
		913E86A9202E57AA0091F059 /* GADetailsViewController.swift in Sources */ = {isa = PBXBuildFile; fileRef = 913E86A8202E57AA0091F059 /* GADetailsViewController.swift */; };
		913E86AC202E691C0091F059 /* GAWebViewController.swift in Sources */ = {isa = PBXBuildFile; fileRef = 913E86AB202E691C0091F059 /* GAWebViewController.swift */; };
		C619BE2CFFCDA255CD6FA013 /* Pods_GeographicalApp.framework in Frameworks */ = {isa = PBXBuildFile; fileRef = 6040AAC0B449D39E7C8B3389 /* Pods_GeographicalApp.framework */; };
/* End PBXBuildFile section */

/* Begin PBXContainerItemProxy section */
		913E862E202DAF7A0091F059 /* PBXContainerItemProxy */ = {
			isa = PBXContainerItemProxy;
			containerPortal = 913E8611202DAF7A0091F059 /* Project object */;
			proxyType = 1;
			remoteGlobalIDString = 913E8618202DAF7A0091F059;
			remoteInfo = GeographicalApp;
		};
		913E8639202DAF7A0091F059 /* PBXContainerItemProxy */ = {
			isa = PBXContainerItemProxy;
			containerPortal = 913E8611202DAF7A0091F059 /* Project object */;
			proxyType = 1;
			remoteGlobalIDString = 913E8618202DAF7A0091F059;
			remoteInfo = GeographicalApp;
		};
/* End PBXContainerItemProxy section */

/* Begin PBXFileReference section */
		49F31503C21D3C3C8549C589 /* Pods-GeographicalAppUITests.release.xcconfig */ = {isa = PBXFileReference; includeInIndex = 1; lastKnownFileType = text.xcconfig; name = "Pods-GeographicalAppUITests.release.xcconfig"; path = "Pods/Target Support Files/Pods-GeographicalAppUITests/Pods-GeographicalAppUITests.release.xcconfig"; sourceTree = "<group>"; };
		6040AAC0B449D39E7C8B3389 /* Pods_GeographicalApp.framework */ = {isa = PBXFileReference; explicitFileType = wrapper.framework; includeInIndex = 0; path = Pods_GeographicalApp.framework; sourceTree = BUILT_PRODUCTS_DIR; };
		6426515E856D7E2859813C07 /* Pods_GeographicalAppUITests.framework */ = {isa = PBXFileReference; explicitFileType = wrapper.framework; includeInIndex = 0; path = Pods_GeographicalAppUITests.framework; sourceTree = BUILT_PRODUCTS_DIR; };
		67FDE4C6063F9837E76F0432 /* Pods-GeographicalApp.release.xcconfig */ = {isa = PBXFileReference; includeInIndex = 1; lastKnownFileType = text.xcconfig; name = "Pods-GeographicalApp.release.xcconfig"; path = "Pods/Target Support Files/Pods-GeographicalApp/Pods-GeographicalApp.release.xcconfig"; sourceTree = "<group>"; };
		913E8619202DAF7A0091F059 /* GeographicalApp.app */ = {isa = PBXFileReference; explicitFileType = wrapper.application; includeInIndex = 0; path = GeographicalApp.app; sourceTree = BUILT_PRODUCTS_DIR; };
		913E861C202DAF7A0091F059 /* AppDelegate.swift */ = {isa = PBXFileReference; lastKnownFileType = sourcecode.swift; path = AppDelegate.swift; sourceTree = "<group>"; };
		913E8621202DAF7A0091F059 /* Base */ = {isa = PBXFileReference; lastKnownFileType = file.storyboard; name = Base; path = Base.lproj/Main.storyboard; sourceTree = "<group>"; };
		913E8623202DAF7A0091F059 /* Assets.xcassets */ = {isa = PBXFileReference; lastKnownFileType = folder.assetcatalog; path = Assets.xcassets; sourceTree = "<group>"; };
		913E8626202DAF7A0091F059 /* Base */ = {isa = PBXFileReference; lastKnownFileType = file.storyboard; name = Base; path = Base.lproj/LaunchScreen.storyboard; sourceTree = "<group>"; };
		913E8628202DAF7A0091F059 /* Info.plist */ = {isa = PBXFileReference; lastKnownFileType = text.plist.xml; path = Info.plist; sourceTree = "<group>"; };
		913E862D202DAF7A0091F059 /* GeographicalAppTests.xctest */ = {isa = PBXFileReference; explicitFileType = wrapper.cfbundle; includeInIndex = 0; path = GeographicalAppTests.xctest; sourceTree = BUILT_PRODUCTS_DIR; };
		913E8631202DAF7A0091F059 /* GeographicalAppTests.swift */ = {isa = PBXFileReference; lastKnownFileType = sourcecode.swift; path = GeographicalAppTests.swift; sourceTree = "<group>"; };
		913E8633202DAF7A0091F059 /* Info.plist */ = {isa = PBXFileReference; lastKnownFileType = text.plist.xml; path = Info.plist; sourceTree = "<group>"; };
		913E8638202DAF7A0091F059 /* GeographicalAppUITests.xctest */ = {isa = PBXFileReference; explicitFileType = wrapper.cfbundle; includeInIndex = 0; path = GeographicalAppUITests.xctest; sourceTree = BUILT_PRODUCTS_DIR; };
		913E863C202DAF7A0091F059 /* GeographicalAppUITests.swift */ = {isa = PBXFileReference; lastKnownFileType = sourcecode.swift; path = GeographicalAppUITests.swift; sourceTree = "<group>"; };
		913E863E202DAF7A0091F059 /* Info.plist */ = {isa = PBXFileReference; lastKnownFileType = text.plist.xml; path = Info.plist; sourceTree = "<group>"; };
		913E864D202DBD020091F059 /* GABaseMappable.swift */ = {isa = PBXFileReference; lastKnownFileType = sourcecode.swift; path = GABaseMappable.swift; sourceTree = "<group>"; };
		913E8651202DBDA00091F059 /* GABaseViewModel.swift */ = {isa = PBXFileReference; lastKnownFileType = sourcecode.swift; path = GABaseViewModel.swift; sourceTree = "<group>"; };
		913E8653202DBDCC0091F059 /* GALocationViewModel.swift */ = {isa = PBXFileReference; lastKnownFileType = sourcecode.swift; path = GALocationViewModel.swift; sourceTree = "<group>"; };
		913E8657202DBEA10091F059 /* UIView+CardShadow.swift */ = {isa = PBXFileReference; lastKnownFileType = sourcecode.swift; path = "UIView+CardShadow.swift"; sourceTree = "<group>"; };
		913E865A202DBFF60091F059 /* GALocationDetailsCell.swift */ = {isa = PBXFileReference; lastKnownFileType = sourcecode.swift; path = GALocationDetailsCell.swift; sourceTree = "<group>"; };
		913E865F202DC1950091F059 /* GAMapViewController.swift */ = {isa = PBXFileReference; lastKnownFileType = sourcecode.swift; path = GAMapViewController.swift; sourceTree = "<group>"; };
		913E8662202DC1B40091F059 /* GALocationsListViewController.swift */ = {isa = PBXFileReference; lastKnownFileType = sourcecode.swift; path = GALocationsListViewController.swift; sourceTree = "<group>"; };
		913E8664202DC1CC0091F059 /* GABaseController.swift */ = {isa = PBXFileReference; lastKnownFileType = sourcecode.swift; path = GABaseController.swift; sourceTree = "<group>"; };
		913E8667202DC2080091F059 /* GAMasterViewController.swift */ = {isa = PBXFileReference; lastKnownFileType = sourcecode.swift; path = GAMasterViewController.swift; sourceTree = "<group>"; };
		913E866A202DC33B0091F059 /* Constants.swift */ = {isa = PBXFileReference; lastKnownFileType = sourcecode.swift; path = Constants.swift; sourceTree = "<group>"; };
		913E866D202DC46D0091F059 /* GALocationService.swift */ = {isa = PBXFileReference; lastKnownFileType = sourcecode.swift; path = GALocationService.swift; sourceTree = "<group>"; };
		913E866F202DC4AD0091F059 /* GAMappingManager.swift */ = {isa = PBXFileReference; lastKnownFileType = sourcecode.swift; path = GAMappingManager.swift; sourceTree = "<group>"; };
		913E8674202DC6080091F059 /* GALocationsPresenter.swift */ = {isa = PBXFileReference; lastKnownFileType = sourcecode.swift; path = GALocationsPresenter.swift; sourceTree = "<group>"; };
		913E8676202DD0180091F059 /* GALocationsListViewController+UITableView.swift */ = {isa = PBXFileReference; lastKnownFileType = sourcecode.swift; path = "GALocationsListViewController+UITableView.swift"; sourceTree = "<group>"; };
		913E8678202DD3710091F059 /* GALocationsDataBaseViewController.swift */ = {isa = PBXFileReference; lastKnownFileType = sourcecode.swift; path = GALocationsDataBaseViewController.swift; sourceTree = "<group>"; };
		913E867C202DD6630091F059 /* Dubai-Medium.ttf */ = {isa = PBXFileReference; lastKnownFileType = file; path = "Dubai-Medium.ttf"; sourceTree = "<group>"; };
		913E867D202DD6630091F059 /* Dubai-Light.ttf */ = {isa = PBXFileReference; lastKnownFileType = file; path = "Dubai-Light.ttf"; sourceTree = "<group>"; };
		913E867E202DD6630091F059 /* Dubai-Regular.ttf */ = {isa = PBXFileReference; lastKnownFileType = file; path = "Dubai-Regular.ttf"; sourceTree = "<group>"; };
		913E867F202DD6630091F059 /* Dubai-Bold.ttf */ = {isa = PBXFileReference; lastKnownFileType = file; path = "Dubai-Bold.ttf"; sourceTree = "<group>"; };
		913E8684202DD6750091F059 /* DMLocations.json */ = {isa = PBXFileReference; fileEncoding = 4; lastKnownFileType = text.json; path = DMLocations.json; sourceTree = "<group>"; };
		913E868C202DD7A80091F059 /* GALocationDataModel.swift */ = {isa = PBXFileReference; lastKnownFileType = sourcecode.swift; path = GALocationDataModel.swift; sourceTree = "<group>"; };
		913E8690202E3F6B0091F059 /* CustomCalloutView.swift */ = {isa = PBXFileReference; lastKnownFileType = sourcecode.swift; path = CustomCalloutView.swift; sourceTree = "<group>"; };
		913E8694202E40860091F059 /* Utils.swift */ = {isa = PBXFileReference; lastKnownFileType = sourcecode.swift; path = Utils.swift; sourceTree = "<group>"; };
		913E8698202E414E0091F059 /* CustomCalloutView.xib */ = {isa = PBXFileReference; lastKnownFileType = file.xib; path = CustomCalloutView.xib; sourceTree = "<group>"; };
		913E86A0202E46B10091F059 /* BuildingAnnotation.swift */ = {isa = PBXFileReference; lastKnownFileType = sourcecode.swift; path = BuildingAnnotation.swift; sourceTree = "<group>"; };
		913E86A4202E4B090091F059 /* AnnotationView.swift */ = {isa = PBXFileReference; fileEncoding = 4; lastKnownFileType = sourcecode.swift; path = AnnotationView.swift; sourceTree = "<group>"; };
		913E86A8202E57AA0091F059 /* GADetailsViewController.swift */ = {isa = PBXFileReference; lastKnownFileType = sourcecode.swift; path = GADetailsViewController.swift; sourceTree = "<group>"; };
		913E86AB202E691C0091F059 /* GAWebViewController.swift */ = {isa = PBXFileReference; lastKnownFileType = sourcecode.swift; path = GAWebViewController.swift; sourceTree = "<group>"; };
		A14659FE7112FC3DE0F0E95C /* Pods_GeographicalAppTests.framework */ = {isa = PBXFileReference; explicitFileType = wrapper.framework; includeInIndex = 0; path = Pods_GeographicalAppTests.framework; sourceTree = BUILT_PRODUCTS_DIR; };
		AA1680CA49C75215C557765D /* Pods-GeographicalApp.debug.xcconfig */ = {isa = PBXFileReference; includeInIndex = 1; lastKnownFileType = text.xcconfig; name = "Pods-GeographicalApp.debug.xcconfig"; path = "Pods/Target Support Files/Pods-GeographicalApp/Pods-GeographicalApp.debug.xcconfig"; sourceTree = "<group>"; };
		B5847DFC0B922A16EAE193C5 /* Pods-GeographicalAppTests.release.xcconfig */ = {isa = PBXFileReference; includeInIndex = 1; lastKnownFileType = text.xcconfig; name = "Pods-GeographicalAppTests.release.xcconfig"; path = "Pods/Target Support Files/Pods-GeographicalAppTests/Pods-GeographicalAppTests.release.xcconfig"; sourceTree = "<group>"; };
		C2622B13357670642DEE55ED /* Pods-GeographicalAppTests.debug.xcconfig */ = {isa = PBXFileReference; includeInIndex = 1; lastKnownFileType = text.xcconfig; name = "Pods-GeographicalAppTests.debug.xcconfig"; path = "Pods/Target Support Files/Pods-GeographicalAppTests/Pods-GeographicalAppTests.debug.xcconfig"; sourceTree = "<group>"; };
		D66AEA2FE5CEAE0C08943909 /* Pods-GeographicalAppUITests.debug.xcconfig */ = {isa = PBXFileReference; includeInIndex = 1; lastKnownFileType = text.xcconfig; name = "Pods-GeographicalAppUITests.debug.xcconfig"; path = "Pods/Target Support Files/Pods-GeographicalAppUITests/Pods-GeographicalAppUITests.debug.xcconfig"; sourceTree = "<group>"; };
/* End PBXFileReference section */

/* Begin PBXFrameworksBuildPhase section */
		913E8616202DAF7A0091F059 /* Frameworks */ = {
			isa = PBXFrameworksBuildPhase;
			buildActionMask = 2147483647;
			files = (
				C619BE2CFFCDA255CD6FA013 /* Pods_GeographicalApp.framework in Frameworks */,
			);
			runOnlyForDeploymentPostprocessing = 0;
		};
		913E862A202DAF7A0091F059 /* Frameworks */ = {
			isa = PBXFrameworksBuildPhase;
			buildActionMask = 2147483647;
			files = (
				78FC647910F0873ACADFCD45 /* Pods_GeographicalAppTests.framework in Frameworks */,
			);
			runOnlyForDeploymentPostprocessing = 0;
		};
		913E8635202DAF7A0091F059 /* Frameworks */ = {
			isa = PBXFrameworksBuildPhase;
			buildActionMask = 2147483647;
			files = (
				57EBD467A75E74975DDFD0AA /* Pods_GeographicalAppUITests.framework in Frameworks */,
			);
			runOnlyForDeploymentPostprocessing = 0;
		};
/* End PBXFrameworksBuildPhase section */

/* Begin PBXGroup section */
		913E8610202DAF7A0091F059 = {
			isa = PBXGroup;
			children = (
				913E861B202DAF7A0091F059 /* GeographicalApp */,
				913E8630202DAF7A0091F059 /* GeographicalAppTests */,
				913E863B202DAF7A0091F059 /* GeographicalAppUITests */,
				913E861A202DAF7A0091F059 /* Products */,
				E47461CC62C0B30F7BA1D8DF /* Pods */,
				9F87DFD0E0824BC5482D633F /* Frameworks */,
			);
			sourceTree = "<group>";
		};
		913E861A202DAF7A0091F059 /* Products */ = {
			isa = PBXGroup;
			children = (
				913E8619202DAF7A0091F059 /* GeographicalApp.app */,
				913E862D202DAF7A0091F059 /* GeographicalAppTests.xctest */,
				913E8638202DAF7A0091F059 /* GeographicalAppUITests.xctest */,
			);
			name = Products;
			sourceTree = "<group>";
		};
		913E861B202DAF7A0091F059 /* GeographicalApp */ = {
			isa = PBXGroup;
			children = (
				913E864A202DBCCD0091F059 /* Models */,
				913E8655202DBE720091F059 /* Views */,
				913E8673202DC5E60091F059 /* Presenters */,
				913E866C202DC4500091F059 /* Services */,
				913E8669202DC29F0091F059 /* Utils */,
				913E8671202DC4E00091F059 /* SupportingFiles */,
			);
			path = GeographicalApp;
			sourceTree = "<group>";
		};
		913E8630202DAF7A0091F059 /* GeographicalAppTests */ = {
			isa = PBXGroup;
			children = (
				913E8631202DAF7A0091F059 /* GeographicalAppTests.swift */,
				913E8633202DAF7A0091F059 /* Info.plist */,
			);
			path = GeographicalAppTests;
			sourceTree = "<group>";
		};
		913E863B202DAF7A0091F059 /* GeographicalAppUITests */ = {
			isa = PBXGroup;
			children = (
				913E863C202DAF7A0091F059 /* GeographicalAppUITests.swift */,
				913E863E202DAF7A0091F059 /* Info.plist */,
			);
			path = GeographicalAppUITests;
			sourceTree = "<group>";
		};
		913E864A202DBCCD0091F059 /* Models */ = {
			isa = PBXGroup;
			children = (
				913E864B202DBCD80091F059 /* DTO */,
				913E864C202DBCDE0091F059 /* ViewModel */,
			);
			path = Models;
			sourceTree = "<group>";
		};
		913E864B202DBCD80091F059 /* DTO */ = {
			isa = PBXGroup;
			children = (
				913E864D202DBD020091F059 /* GABaseMappable.swift */,
				913E868C202DD7A80091F059 /* GALocationDataModel.swift */,
			);
			path = DTO;
			sourceTree = "<group>";
		};
		913E864C202DBCDE0091F059 /* ViewModel */ = {
			isa = PBXGroup;
			children = (
				913E8651202DBDA00091F059 /* GABaseViewModel.swift */,
				913E8653202DBDCC0091F059 /* GALocationViewModel.swift */,
			);
			path = ViewModel;
			sourceTree = "<group>";
		};
		913E8655202DBE720091F059 /* Views */ = {
			isa = PBXGroup;
			children = (
				913E8672202DC51A0091F059 /* Storyboards */,
				913E865C202DC0DB0091F059 /* Controllers */,
				913E8659202DBEB90091F059 /* CustomCells */,
				913E86A6202E54330091F059 /* CustomsAnnotations */,
				913E8656202DBE8F0091F059 /* CustomViews */,
			);
			path = Views;
			sourceTree = "<group>";
		};
		913E8656202DBE8F0091F059 /* CustomViews */ = {
			isa = PBXGroup;
			children = (
				913E8657202DBEA10091F059 /* UIView+CardShadow.swift */,
			);
			path = CustomViews;
			sourceTree = "<group>";
		};
		913E8659202DBEB90091F059 /* CustomCells */ = {
			isa = PBXGroup;
			children = (
				913E865A202DBFF60091F059 /* GALocationDetailsCell.swift */,
			);
			path = CustomCells;
			sourceTree = "<group>";
		};
		913E865C202DC0DB0091F059 /* Controllers */ = {
			isa = PBXGroup;
			children = (
				913E86AA202E68F70091F059 /* GAWebViewController */,
				913E8666202DC1ED0091F059 /* SwipeView */,
				913E865D202DC1050091F059 /* GABaseController */,
				913E8661202DC1990091F059 /* GAMapViewController */,
				913E86A7202E578C0091F059 /* GADetailsViewController */,
				913E865E202DC1660091F059 /* GALocationsListViewController */,
			);
			path = Controllers;
			sourceTree = "<group>";
		};
		913E865D202DC1050091F059 /* GABaseController */ = {
			isa = PBXGroup;
			children = (
				913E8664202DC1CC0091F059 /* GABaseController.swift */,
				913E8678202DD3710091F059 /* GALocationsDataBaseViewController.swift */,
			);
			path = GABaseController;
			sourceTree = "<group>";
		};
		913E865E202DC1660091F059 /* GALocationsListViewController */ = {
			isa = PBXGroup;
			children = (
				913E8662202DC1B40091F059 /* GALocationsListViewController.swift */,
				913E8676202DD0180091F059 /* GALocationsListViewController+UITableView.swift */,
			);
			path = GALocationsListViewController;
			sourceTree = "<group>";
		};
		913E8661202DC1990091F059 /* GAMapViewController */ = {
			isa = PBXGroup;
			children = (
				913E865F202DC1950091F059 /* GAMapViewController.swift */,
			);
			path = GAMapViewController;
			sourceTree = "<group>";
		};
		913E8666202DC1ED0091F059 /* SwipeView */ = {
			isa = PBXGroup;
			children = (
				913E8667202DC2080091F059 /* GAMasterViewController.swift */,
			);
			path = SwipeView;
			sourceTree = "<group>";
		};
		913E8669202DC29F0091F059 /* Utils */ = {
			isa = PBXGroup;
			children = (
				913E861C202DAF7A0091F059 /* AppDelegate.swift */,
				913E866A202DC33B0091F059 /* Constants.swift */,
				913E8694202E40860091F059 /* Utils.swift */,
			);
			path = Utils;
			sourceTree = "<group>";
		};
		913E866C202DC4500091F059 /* Services */ = {
			isa = PBXGroup;
			children = (
				913E866D202DC46D0091F059 /* GALocationService.swift */,
				913E866F202DC4AD0091F059 /* GAMappingManager.swift */,
			);
			path = Services;
			sourceTree = "<group>";
		};
		913E8671202DC4E00091F059 /* SupportingFiles */ = {
			isa = PBXGroup;
			children = (
				913E8684202DD6750091F059 /* DMLocations.json */,
				913E867B202DD63E0091F059 /* Fonts */,
				913E8625202DAF7A0091F059 /* LaunchScreen.storyboard */,
				913E8623202DAF7A0091F059 /* Assets.xcassets */,
				913E8628202DAF7A0091F059 /* Info.plist */,
			);
			path = SupportingFiles;
			sourceTree = "<group>";
		};
		913E8672202DC51A0091F059 /* Storyboards */ = {
			isa = PBXGroup;
			children = (
				913E8620202DAF7A0091F059 /* Main.storyboard */,
			);
			path = Storyboards;
			sourceTree = "<group>";
		};
		913E8673202DC5E60091F059 /* Presenters */ = {
			isa = PBXGroup;
			children = (
				913E8674202DC6080091F059 /* GALocationsPresenter.swift */,
			);
			path = Presenters;
			sourceTree = "<group>";
		};
		913E867B202DD63E0091F059 /* Fonts */ = {
			isa = PBXGroup;
			children = (
				913E867F202DD6630091F059 /* Dubai-Bold.ttf */,
				913E867D202DD6630091F059 /* Dubai-Light.ttf */,
				913E867C202DD6630091F059 /* Dubai-Medium.ttf */,
				913E867E202DD6630091F059 /* Dubai-Regular.ttf */,
			);
			path = Fonts;
			sourceTree = "<group>";
		};
		913E86A6202E54330091F059 /* CustomsAnnotations */ = {
			isa = PBXGroup;
			children = (
				913E86A0202E46B10091F059 /* BuildingAnnotation.swift */,
				913E8698202E414E0091F059 /* CustomCalloutView.xib */,
				913E8690202E3F6B0091F059 /* CustomCalloutView.swift */,
				913E86A4202E4B090091F059 /* AnnotationView.swift */,
			);
			path = CustomsAnnotations;
			sourceTree = "<group>";
		};
		913E86A7202E578C0091F059 /* GADetailsViewController */ = {
			isa = PBXGroup;
			children = (
				913E86A8202E57AA0091F059 /* GADetailsViewController.swift */,
			);
			path = GADetailsViewController;
			sourceTree = "<group>";
		};
		913E86AA202E68F70091F059 /* GAWebViewController */ = {
			isa = PBXGroup;
			children = (
				913E86AB202E691C0091F059 /* GAWebViewController.swift */,
			);
			path = GAWebViewController;
			sourceTree = "<group>";
		};
		9F87DFD0E0824BC5482D633F /* Frameworks */ = {
			isa = PBXGroup;
			children = (
				6040AAC0B449D39E7C8B3389 /* Pods_GeographicalApp.framework */,
				A14659FE7112FC3DE0F0E95C /* Pods_GeographicalAppTests.framework */,
				6426515E856D7E2859813C07 /* Pods_GeographicalAppUITests.framework */,
			);
			name = Frameworks;
			sourceTree = "<group>";
		};
		E47461CC62C0B30F7BA1D8DF /* Pods */ = {
			isa = PBXGroup;
			children = (
				AA1680CA49C75215C557765D /* Pods-GeographicalApp.debug.xcconfig */,
				67FDE4C6063F9837E76F0432 /* Pods-GeographicalApp.release.xcconfig */,
				C2622B13357670642DEE55ED /* Pods-GeographicalAppTests.debug.xcconfig */,
				B5847DFC0B922A16EAE193C5 /* Pods-GeographicalAppTests.release.xcconfig */,
				D66AEA2FE5CEAE0C08943909 /* Pods-GeographicalAppUITests.debug.xcconfig */,
				49F31503C21D3C3C8549C589 /* Pods-GeographicalAppUITests.release.xcconfig */,
			);
			name = Pods;
			sourceTree = "<group>";
		};
/* End PBXGroup section */

/* Begin PBXNativeTarget section */
		913E8618202DAF7A0091F059 /* GeographicalApp */ = {
			isa = PBXNativeTarget;
			buildConfigurationList = 913E8641202DAF7A0091F059 /* Build configuration list for PBXNativeTarget "GeographicalApp" */;
			buildPhases = (
				9ADA28360CA42D4CEC26DD00 /* [CP] Check Pods Manifest.lock */,
				913E8615202DAF7A0091F059 /* Sources */,
				913E8616202DAF7A0091F059 /* Frameworks */,
				913E8617202DAF7A0091F059 /* Resources */,
				050F7AE4E319E7E4C360D43D /* [CP] Embed Pods Frameworks */,
				5A8745C0E251F8E1EE81D44D /* [CP] Copy Pods Resources */,
			);
			buildRules = (
			);
			dependencies = (
			);
			name = GeographicalApp;
			productName = GeographicalApp;
			productReference = 913E8619202DAF7A0091F059 /* GeographicalApp.app */;
			productType = "com.apple.product-type.application";
		};
		913E862C202DAF7A0091F059 /* GeographicalAppTests */ = {
			isa = PBXNativeTarget;
			buildConfigurationList = 913E8644202DAF7A0091F059 /* Build configuration list for PBXNativeTarget "GeographicalAppTests" */;
			buildPhases = (
				889E1294B2DBA21B0183BD7E /* [CP] Check Pods Manifest.lock */,
				913E8629202DAF7A0091F059 /* Sources */,
				913E862A202DAF7A0091F059 /* Frameworks */,
				913E862B202DAF7A0091F059 /* Resources */,
				61CEE4C19353B01DE3C139FC /* [CP] Embed Pods Frameworks */,
				A6A8A4CCB13784F2840C99A4 /* [CP] Copy Pods Resources */,
			);
			buildRules = (
			);
			dependencies = (
				913E862F202DAF7A0091F059 /* PBXTargetDependency */,
			);
			name = GeographicalAppTests;
			productName = GeographicalAppTests;
			productReference = 913E862D202DAF7A0091F059 /* GeographicalAppTests.xctest */;
			productType = "com.apple.product-type.bundle.unit-test";
		};
		913E8637202DAF7A0091F059 /* GeographicalAppUITests */ = {
			isa = PBXNativeTarget;
			buildConfigurationList = 913E8647202DAF7A0091F059 /* Build configuration list for PBXNativeTarget "GeographicalAppUITests" */;
			buildPhases = (
				F65A304C74A35E997F704755 /* [CP] Check Pods Manifest.lock */,
				913E8634202DAF7A0091F059 /* Sources */,
				913E8635202DAF7A0091F059 /* Frameworks */,
				913E8636202DAF7A0091F059 /* Resources */,
				221BBB8844ED9EB8435F20D8 /* [CP] Embed Pods Frameworks */,
				5AB54D24252E27DA9392886F /* [CP] Copy Pods Resources */,
			);
			buildRules = (
			);
			dependencies = (
				913E863A202DAF7A0091F059 /* PBXTargetDependency */,
			);
			name = GeographicalAppUITests;
			productName = GeographicalAppUITests;
			productReference = 913E8638202DAF7A0091F059 /* GeographicalAppUITests.xctest */;
			productType = "com.apple.product-type.bundle.ui-testing";
		};
/* End PBXNativeTarget section */

/* Begin PBXProject section */
		913E8611202DAF7A0091F059 /* Project object */ = {
			isa = PBXProject;
			attributes = {
				LastSwiftUpdateCheck = 0920;
				LastUpgradeCheck = 0920;
				ORGANIZATIONNAME = "Shimaa Magdi";
				TargetAttributes = {
					913E8618202DAF7A0091F059 = {
						CreatedOnToolsVersion = 9.2;
						ProvisioningStyle = Automatic;
					};
					913E862C202DAF7A0091F059 = {
						CreatedOnToolsVersion = 9.2;
						ProvisioningStyle = Automatic;
						TestTargetID = 913E8618202DAF7A0091F059;
					};
					913E8637202DAF7A0091F059 = {
						CreatedOnToolsVersion = 9.2;
						ProvisioningStyle = Automatic;
						TestTargetID = 913E8618202DAF7A0091F059;
					};
				};
			};
			buildConfigurationList = 913E8614202DAF7A0091F059 /* Build configuration list for PBXProject "GeographicalApp" */;
			compatibilityVersion = "Xcode 8.0";
			developmentRegion = en;
			hasScannedForEncodings = 0;
			knownRegions = (
				en,
				Base,
			);
			mainGroup = 913E8610202DAF7A0091F059;
			productRefGroup = 913E861A202DAF7A0091F059 /* Products */;
			projectDirPath = "";
			projectRoot = "";
			targets = (
				913E8618202DAF7A0091F059 /* GeographicalApp */,
				913E862C202DAF7A0091F059 /* GeographicalAppTests */,
				913E8637202DAF7A0091F059 /* GeographicalAppUITests */,
			);
		};
/* End PBXProject section */

/* Begin PBXResourcesBuildPhase section */
		913E8617202DAF7A0091F059 /* Resources */ = {
			isa = PBXResourcesBuildPhase;
			buildActionMask = 2147483647;
			files = (
				913E8627202DAF7A0091F059 /* LaunchScreen.storyboard in Resources */,
				913E8699202E414E0091F059 /* CustomCalloutView.xib in Resources */,
				913E8624202DAF7A0091F059 /* Assets.xcassets in Resources */,
				913E8622202DAF7A0091F059 /* Main.storyboard in Resources */,
				913E8681202DD6630091F059 /* Dubai-Light.ttf in Resources */,
				913E8680202DD6630091F059 /* Dubai-Medium.ttf in Resources */,
				913E8683202DD6630091F059 /* Dubai-Bold.ttf in Resources */,
				913E8685202DD6750091F059 /* DMLocations.json in Resources */,
				913E8682202DD6630091F059 /* Dubai-Regular.ttf in Resources */,
			);
			runOnlyForDeploymentPostprocessing = 0;
		};
		913E862B202DAF7A0091F059 /* Resources */ = {
			isa = PBXResourcesBuildPhase;
			buildActionMask = 2147483647;
			files = (
				913E869A202E414E0091F059 /* CustomCalloutView.xib in Resources */,
				913E8686202DD6750091F059 /* DMLocations.json in Resources */,
			);
			runOnlyForDeploymentPostprocessing = 0;
		};
		913E8636202DAF7A0091F059 /* Resources */ = {
			isa = PBXResourcesBuildPhase;
			buildActionMask = 2147483647;
			files = (
				913E869B202E414E0091F059 /* CustomCalloutView.xib in Resources */,
				913E8687202DD6750091F059 /* DMLocations.json in Resources */,
			);
			runOnlyForDeploymentPostprocessing = 0;
		};
/* End PBXResourcesBuildPhase section */

/* Begin PBXShellScriptBuildPhase section */
		050F7AE4E319E7E4C360D43D /* [CP] Embed Pods Frameworks */ = {
			isa = PBXShellScriptBuildPhase;
			buildActionMask = 2147483647;
			files = (
			);
			inputPaths = (
				"${SRCROOT}/Pods/Target Support Files/Pods-GeographicalApp/Pods-GeographicalApp-frameworks.sh",
				"${BUILT_PRODUCTS_DIR}/MBProgressHUD/MBProgressHUD.framework",
				"${BUILT_PRODUCTS_DIR}/ObjectMapper/ObjectMapper.framework",
			);
			name = "[CP] Embed Pods Frameworks";
			outputPaths = (
				"${TARGET_BUILD_DIR}/${FRAMEWORKS_FOLDER_PATH}/MBProgressHUD.framework",
				"${TARGET_BUILD_DIR}/${FRAMEWORKS_FOLDER_PATH}/ObjectMapper.framework",
			);
			runOnlyForDeploymentPostprocessing = 0;
			shellPath = /bin/sh;
			shellScript = "\"${SRCROOT}/Pods/Target Support Files/Pods-GeographicalApp/Pods-GeographicalApp-frameworks.sh\"\n";
			showEnvVarsInLog = 0;
		};
		221BBB8844ED9EB8435F20D8 /* [CP] Embed Pods Frameworks */ = {
			isa = PBXShellScriptBuildPhase;
			buildActionMask = 2147483647;
			files = (
			);
			inputPaths = (
			);
			name = "[CP] Embed Pods Frameworks";
			outputPaths = (
			);
			runOnlyForDeploymentPostprocessing = 0;
			shellPath = /bin/sh;
			shellScript = "\"${SRCROOT}/Pods/Target Support Files/Pods-GeographicalAppUITests/Pods-GeographicalAppUITests-frameworks.sh\"\n";
			showEnvVarsInLog = 0;
		};
		5A8745C0E251F8E1EE81D44D /* [CP] Copy Pods Resources */ = {
			isa = PBXShellScriptBuildPhase;
			buildActionMask = 2147483647;
			files = (
			);
			inputPaths = (
			);
			name = "[CP] Copy Pods Resources";
			outputPaths = (
			);
			runOnlyForDeploymentPostprocessing = 0;
			shellPath = /bin/sh;
			shellScript = "\"${SRCROOT}/Pods/Target Support Files/Pods-GeographicalApp/Pods-GeographicalApp-resources.sh\"\n";
			showEnvVarsInLog = 0;
		};
		5AB54D24252E27DA9392886F /* [CP] Copy Pods Resources */ = {
			isa = PBXShellScriptBuildPhase;
			buildActionMask = 2147483647;
			files = (
			);
			inputPaths = (
			);
			name = "[CP] Copy Pods Resources";
			outputPaths = (
			);
			runOnlyForDeploymentPostprocessing = 0;
			shellPath = /bin/sh;
			shellScript = "\"${SRCROOT}/Pods/Target Support Files/Pods-GeographicalAppUITests/Pods-GeographicalAppUITests-resources.sh\"\n";
			showEnvVarsInLog = 0;
		};
		61CEE4C19353B01DE3C139FC /* [CP] Embed Pods Frameworks */ = {
			isa = PBXShellScriptBuildPhase;
			buildActionMask = 2147483647;
			files = (
			);
			inputPaths = (
			);
			name = "[CP] Embed Pods Frameworks";
			outputPaths = (
			);
			runOnlyForDeploymentPostprocessing = 0;
			shellPath = /bin/sh;
			shellScript = "\"${SRCROOT}/Pods/Target Support Files/Pods-GeographicalAppTests/Pods-GeographicalAppTests-frameworks.sh\"\n";
			showEnvVarsInLog = 0;
		};
		889E1294B2DBA21B0183BD7E /* [CP] Check Pods Manifest.lock */ = {
			isa = PBXShellScriptBuildPhase;
			buildActionMask = 2147483647;
			files = (
			);
			inputPaths = (
				"${PODS_PODFILE_DIR_PATH}/Podfile.lock",
				"${PODS_ROOT}/Manifest.lock",
			);
			name = "[CP] Check Pods Manifest.lock";
			outputPaths = (
				"$(DERIVED_FILE_DIR)/Pods-GeographicalAppTests-checkManifestLockResult.txt",
			);
			runOnlyForDeploymentPostprocessing = 0;
			shellPath = /bin/sh;
			shellScript = "diff \"${PODS_PODFILE_DIR_PATH}/Podfile.lock\" \"${PODS_ROOT}/Manifest.lock\" > /dev/null\nif [ $? != 0 ] ; then\n    # print error to STDERR\n    echo \"error: The sandbox is not in sync with the Podfile.lock. Run 'pod install' or update your CocoaPods installation.\" >&2\n    exit 1\nfi\n# This output is used by Xcode 'outputs' to avoid re-running this script phase.\necho \"SUCCESS\" > \"${SCRIPT_OUTPUT_FILE_0}\"\n";
			showEnvVarsInLog = 0;
		};
		9ADA28360CA42D4CEC26DD00 /* [CP] Check Pods Manifest.lock */ = {
			isa = PBXShellScriptBuildPhase;
			buildActionMask = 2147483647;
			files = (
			);
			inputPaths = (
				"${PODS_PODFILE_DIR_PATH}/Podfile.lock",
				"${PODS_ROOT}/Manifest.lock",
			);
			name = "[CP] Check Pods Manifest.lock";
			outputPaths = (
				"$(DERIVED_FILE_DIR)/Pods-GeographicalApp-checkManifestLockResult.txt",
			);
			runOnlyForDeploymentPostprocessing = 0;
			shellPath = /bin/sh;
			shellScript = "diff \"${PODS_PODFILE_DIR_PATH}/Podfile.lock\" \"${PODS_ROOT}/Manifest.lock\" > /dev/null\nif [ $? != 0 ] ; then\n    # print error to STDERR\n    echo \"error: The sandbox is not in sync with the Podfile.lock. Run 'pod install' or update your CocoaPods installation.\" >&2\n    exit 1\nfi\n# This output is used by Xcode 'outputs' to avoid re-running this script phase.\necho \"SUCCESS\" > \"${SCRIPT_OUTPUT_FILE_0}\"\n";
			showEnvVarsInLog = 0;
		};
		A6A8A4CCB13784F2840C99A4 /* [CP] Copy Pods Resources */ = {
			isa = PBXShellScriptBuildPhase;
			buildActionMask = 2147483647;
			files = (
			);
			inputPaths = (
			);
			name = "[CP] Copy Pods Resources";
			outputPaths = (
			);
			runOnlyForDeploymentPostprocessing = 0;
			shellPath = /bin/sh;
			shellScript = "\"${SRCROOT}/Pods/Target Support Files/Pods-GeographicalAppTests/Pods-GeographicalAppTests-resources.sh\"\n";
			showEnvVarsInLog = 0;
		};
		F65A304C74A35E997F704755 /* [CP] Check Pods Manifest.lock */ = {
			isa = PBXShellScriptBuildPhase;
			buildActionMask = 2147483647;
			files = (
			);
			inputPaths = (
				"${PODS_PODFILE_DIR_PATH}/Podfile.lock",
				"${PODS_ROOT}/Manifest.lock",
			);
			name = "[CP] Check Pods Manifest.lock";
			outputPaths = (
				"$(DERIVED_FILE_DIR)/Pods-GeographicalAppUITests-checkManifestLockResult.txt",
			);
			runOnlyForDeploymentPostprocessing = 0;
			shellPath = /bin/sh;
			shellScript = "diff \"${PODS_PODFILE_DIR_PATH}/Podfile.lock\" \"${PODS_ROOT}/Manifest.lock\" > /dev/null\nif [ $? != 0 ] ; then\n    # print error to STDERR\n    echo \"error: The sandbox is not in sync with the Podfile.lock. Run 'pod install' or update your CocoaPods installation.\" >&2\n    exit 1\nfi\n# This output is used by Xcode 'outputs' to avoid re-running this script phase.\necho \"SUCCESS\" > \"${SCRIPT_OUTPUT_FILE_0}\"\n";
			showEnvVarsInLog = 0;
		};
/* End PBXShellScriptBuildPhase section */

/* Begin PBXSourcesBuildPhase section */
		913E8615202DAF7A0091F059 /* Sources */ = {
			isa = PBXSourcesBuildPhase;
			buildActionMask = 2147483647;
			files = (
				913E86AC202E691C0091F059 /* GAWebViewController.swift in Sources */,
				913E864E202DBD020091F059 /* GABaseMappable.swift in Sources */,
				913E8660202DC1950091F059 /* GAMapViewController.swift in Sources */,
				913E8652202DBDA00091F059 /* GABaseViewModel.swift in Sources */,
				913E8675202DC6080091F059 /* GALocationsPresenter.swift in Sources */,
				913E8670202DC4AD0091F059 /* GAMappingManager.swift in Sources */,
				913E8677202DD0180091F059 /* GALocationsListViewController+UITableView.swift in Sources */,
				913E868D202DD7A80091F059 /* GALocationDataModel.swift in Sources */,
				913E866E202DC46D0091F059 /* GALocationService.swift in Sources */,
				913E861D202DAF7A0091F059 /* AppDelegate.swift in Sources */,
				913E865B202DBFF60091F059 /* GALocationDetailsCell.swift in Sources */,
				913E86A5202E4B090091F059 /* AnnotationView.swift in Sources */,
				913E866B202DC33B0091F059 /* Constants.swift in Sources */,
				913E8663202DC1B40091F059 /* GALocationsListViewController.swift in Sources */,
				913E86A1202E46B10091F059 /* BuildingAnnotation.swift in Sources */,
				913E8691202E3F6B0091F059 /* CustomCalloutView.swift in Sources */,
				913E8665202DC1CC0091F059 /* GABaseController.swift in Sources */,
				913E8658202DBEA10091F059 /* UIView+CardShadow.swift in Sources */,
				913E86A9202E57AA0091F059 /* GADetailsViewController.swift in Sources */,
				913E8679202DD3710091F059 /* GALocationsDataBaseViewController.swift in Sources */,
				913E8668202DC2080091F059 /* GAMasterViewController.swift in Sources */,
				913E8695202E40860091F059 /* Utils.swift in Sources */,
				913E8654202DBDCC0091F059 /* GALocationViewModel.swift in Sources */,
			);
			runOnlyForDeploymentPostprocessing = 0;
		};
		913E8629202DAF7A0091F059 /* Sources */ = {
			isa = PBXSourcesBuildPhase;
			buildActionMask = 2147483647;
			files = (
				913E868E202DD7A80091F059 /* GALocationDataModel.swift in Sources */,
				913E86A2202E46B10091F059 /* BuildingAnnotation.swift in Sources */,
				913E8632202DAF7A0091F059 /* GeographicalAppTests.swift in Sources */,
				913E8696202E40860091F059 /* Utils.swift in Sources */,
			);
			runOnlyForDeploymentPostprocessing = 0;
		};
		913E8634202DAF7A0091F059 /* Sources */ = {
			isa = PBXSourcesBuildPhase;
			buildActionMask = 2147483647;
			files = (
				913E868F202DD7A80091F059 /* GALocationDataModel.swift in Sources */,
				913E86A3202E46B10091F059 /* BuildingAnnotation.swift in Sources */,
				913E863D202DAF7A0091F059 /* GeographicalAppUITests.swift in Sources */,
				913E8697202E40860091F059 /* Utils.swift in Sources */,
			);
			runOnlyForDeploymentPostprocessing = 0;
		};
/* End PBXSourcesBuildPhase section */

/* Begin PBXTargetDependency section */
		913E862F202DAF7A0091F059 /* PBXTargetDependency */ = {
			isa = PBXTargetDependency;
			target = 913E8618202DAF7A0091F059 /* GeographicalApp */;
			targetProxy = 913E862E202DAF7A0091F059 /* PBXContainerItemProxy */;
		};
		913E863A202DAF7A0091F059 /* PBXTargetDependency */ = {
			isa = PBXTargetDependency;
			target = 913E8618202DAF7A0091F059 /* GeographicalApp */;
			targetProxy = 913E8639202DAF7A0091F059 /* PBXContainerItemProxy */;
		};
/* End PBXTargetDependency section */

/* Begin PBXVariantGroup section */
		913E8620202DAF7A0091F059 /* Main.storyboard */ = {
			isa = PBXVariantGroup;
			children = (
				913E8621202DAF7A0091F059 /* Base */,
			);
			name = Main.storyboard;
			sourceTree = "<group>";
		};
		913E8625202DAF7A0091F059 /* LaunchScreen.storyboard */ = {
			isa = PBXVariantGroup;
			children = (
				913E8626202DAF7A0091F059 /* Base */,
			);
			name = LaunchScreen.storyboard;
			sourceTree = "<group>";
		};
/* End PBXVariantGroup section */

/* Begin XCBuildConfiguration section */
		913E863F202DAF7A0091F059 /* Debug */ = {
			isa = XCBuildConfiguration;
			buildSettings = {
				ALWAYS_SEARCH_USER_PATHS = NO;
				CLANG_ANALYZER_NONNULL = YES;
				CLANG_ANALYZER_NUMBER_OBJECT_CONVERSION = YES_AGGRESSIVE;
				CLANG_CXX_LANGUAGE_STANDARD = "gnu++14";
				CLANG_CXX_LIBRARY = "libc++";
				CLANG_ENABLE_MODULES = YES;
				CLANG_ENABLE_OBJC_ARC = YES;
				CLANG_WARN_BLOCK_CAPTURE_AUTORELEASING = YES;
				CLANG_WARN_BOOL_CONVERSION = YES;
				CLANG_WARN_COMMA = YES;
				CLANG_WARN_CONSTANT_CONVERSION = YES;
				CLANG_WARN_DIRECT_OBJC_ISA_USAGE = YES_ERROR;
				CLANG_WARN_DOCUMENTATION_COMMENTS = YES;
				CLANG_WARN_EMPTY_BODY = YES;
				CLANG_WARN_ENUM_CONVERSION = YES;
				CLANG_WARN_INFINITE_RECURSION = YES;
				CLANG_WARN_INT_CONVERSION = YES;
				CLANG_WARN_NON_LITERAL_NULL_CONVERSION = YES;
				CLANG_WARN_OBJC_LITERAL_CONVERSION = YES;
				CLANG_WARN_OBJC_ROOT_CLASS = YES_ERROR;
				CLANG_WARN_RANGE_LOOP_ANALYSIS = YES;
				CLANG_WARN_STRICT_PROTOTYPES = YES;
				CLANG_WARN_SUSPICIOUS_MOVE = YES;
				CLANG_WARN_UNGUARDED_AVAILABILITY = YES_AGGRESSIVE;
				CLANG_WARN_UNREACHABLE_CODE = YES;
				CLANG_WARN__DUPLICATE_METHOD_MATCH = YES;
				CODE_SIGN_IDENTITY = "iPhone Developer";
				COPY_PHASE_STRIP = NO;
				DEBUG_INFORMATION_FORMAT = dwarf;
				ENABLE_STRICT_OBJC_MSGSEND = YES;
				ENABLE_TESTABILITY = YES;
				GCC_C_LANGUAGE_STANDARD = gnu11;
				GCC_DYNAMIC_NO_PIC = NO;
				GCC_NO_COMMON_BLOCKS = YES;
				GCC_OPTIMIZATION_LEVEL = 0;
				GCC_PREPROCESSOR_DEFINITIONS = (
					"DEBUG=1",
					"$(inherited)",
				);
				GCC_WARN_64_TO_32_BIT_CONVERSION = YES;
				GCC_WARN_ABOUT_RETURN_TYPE = YES_ERROR;
				GCC_WARN_UNDECLARED_SELECTOR = YES;
				GCC_WARN_UNINITIALIZED_AUTOS = YES_AGGRESSIVE;
				GCC_WARN_UNUSED_FUNCTION = YES;
				GCC_WARN_UNUSED_VARIABLE = YES;
				IPHONEOS_DEPLOYMENT_TARGET = 11.2;
				MTL_ENABLE_DEBUG_INFO = YES;
				ONLY_ACTIVE_ARCH = YES;
				SDKROOT = iphoneos;
				SWIFT_ACTIVE_COMPILATION_CONDITIONS = DEBUG;
				SWIFT_OPTIMIZATION_LEVEL = "-Onone";
			};
			name = Debug;
		};
		913E8640202DAF7A0091F059 /* Release */ = {
			isa = XCBuildConfiguration;
			buildSettings = {
				ALWAYS_SEARCH_USER_PATHS = NO;
				CLANG_ANALYZER_NONNULL = YES;
				CLANG_ANALYZER_NUMBER_OBJECT_CONVERSION = YES_AGGRESSIVE;
				CLANG_CXX_LANGUAGE_STANDARD = "gnu++14";
				CLANG_CXX_LIBRARY = "libc++";
				CLANG_ENABLE_MODULES = YES;
				CLANG_ENABLE_OBJC_ARC = YES;
				CLANG_WARN_BLOCK_CAPTURE_AUTORELEASING = YES;
				CLANG_WARN_BOOL_CONVERSION = YES;
				CLANG_WARN_COMMA = YES;
				CLANG_WARN_CONSTANT_CONVERSION = YES;
				CLANG_WARN_DIRECT_OBJC_ISA_USAGE = YES_ERROR;
				CLANG_WARN_DOCUMENTATION_COMMENTS = YES;
				CLANG_WARN_EMPTY_BODY = YES;
				CLANG_WARN_ENUM_CONVERSION = YES;
				CLANG_WARN_INFINITE_RECURSION = YES;
				CLANG_WARN_INT_CONVERSION = YES;
				CLANG_WARN_NON_LITERAL_NULL_CONVERSION = YES;
				CLANG_WARN_OBJC_LITERAL_CONVERSION = YES;
				CLANG_WARN_OBJC_ROOT_CLASS = YES_ERROR;
				CLANG_WARN_RANGE_LOOP_ANALYSIS = YES;
				CLANG_WARN_STRICT_PROTOTYPES = YES;
				CLANG_WARN_SUSPICIOUS_MOVE = YES;
				CLANG_WARN_UNGUARDED_AVAILABILITY = YES_AGGRESSIVE;
				CLANG_WARN_UNREACHABLE_CODE = YES;
				CLANG_WARN__DUPLICATE_METHOD_MATCH = YES;
				CODE_SIGN_IDENTITY = "iPhone Developer";
				COPY_PHASE_STRIP = NO;
				DEBUG_INFORMATION_FORMAT = "dwarf-with-dsym";
				ENABLE_NS_ASSERTIONS = NO;
				ENABLE_STRICT_OBJC_MSGSEND = YES;
				GCC_C_LANGUAGE_STANDARD = gnu11;
				GCC_NO_COMMON_BLOCKS = YES;
				GCC_WARN_64_TO_32_BIT_CONVERSION = YES;
				GCC_WARN_ABOUT_RETURN_TYPE = YES_ERROR;
				GCC_WARN_UNDECLARED_SELECTOR = YES;
				GCC_WARN_UNINITIALIZED_AUTOS = YES_AGGRESSIVE;
				GCC_WARN_UNUSED_FUNCTION = YES;
				GCC_WARN_UNUSED_VARIABLE = YES;
				IPHONEOS_DEPLOYMENT_TARGET = 11.2;
				MTL_ENABLE_DEBUG_INFO = NO;
				SDKROOT = iphoneos;
				SWIFT_OPTIMIZATION_LEVEL = "-Owholemodule";
				VALIDATE_PRODUCT = YES;
			};
			name = Release;
		};
		913E8642202DAF7A0091F059 /* Debug */ = {
			isa = XCBuildConfiguration;
			baseConfigurationReference = AA1680CA49C75215C557765D /* Pods-GeographicalApp.debug.xcconfig */;
			buildSettings = {
				ASSETCATALOG_COMPILER_APPICON_NAME = AppIcon;
				"CODE_SIGN_IDENTITY[sdk=iphoneos*]" = "iPhone Developer";
				CODE_SIGN_STYLE = Automatic;
				DEVELOPMENT_TEAM = SK6WUB3TZG;
				INFOPLIST_FILE = GeographicalApp/SupportingFiles/Info.plist;
				IPHONEOS_DEPLOYMENT_TARGET = 11.0;
				LD_RUNPATH_SEARCH_PATHS = "$(inherited) @executable_path/Frameworks";
				PRODUCT_BUNDLE_IDENTIFIER = dm.gov.ae.GeographicalApp;
				PRODUCT_NAME = "$(TARGET_NAME)";
				PROVISIONING_PROFILE_SPECIFIER = "";
				SWIFT_VERSION = 4.0;
				TARGETED_DEVICE_FAMILY = "1,2";
			};
			name = Debug;
		};
		913E8643202DAF7A0091F059 /* Release */ = {
			isa = XCBuildConfiguration;
			baseConfigurationReference = 67FDE4C6063F9837E76F0432 /* Pods-GeographicalApp.release.xcconfig */;
			buildSettings = {
				ASSETCATALOG_COMPILER_APPICON_NAME = AppIcon;
				"CODE_SIGN_IDENTITY[sdk=iphoneos*]" = "iPhone Developer";
				CODE_SIGN_STYLE = Automatic;
				DEVELOPMENT_TEAM = SK6WUB3TZG;
				INFOPLIST_FILE = GeographicalApp/SupportingFiles/Info.plist;
				IPHONEOS_DEPLOYMENT_TARGET = 11.0;
				LD_RUNPATH_SEARCH_PATHS = "$(inherited) @executable_path/Frameworks";
				PRODUCT_BUNDLE_IDENTIFIER = dm.gov.ae.GeographicalApp;
				PRODUCT_NAME = "$(TARGET_NAME)";
				PROVISIONING_PROFILE_SPECIFIER = "";
				SWIFT_VERSION = 4.0;
				TARGETED_DEVICE_FAMILY = "1,2";
			};
			name = Release;
		};
		913E8645202DAF7A0091F059 /* Debug */ = {
			isa = XCBuildConfiguration;
			baseConfigurationReference = C2622B13357670642DEE55ED /* Pods-GeographicalAppTests.debug.xcconfig */;
			buildSettings = {
				ALWAYS_EMBED_SWIFT_STANDARD_LIBRARIES = YES;
				BUNDLE_LOADER = "$(TEST_HOST)";
				CODE_SIGN_STYLE = Automatic;
				INFOPLIST_FILE = GeographicalAppTests/Info.plist;
				LD_RUNPATH_SEARCH_PATHS = "$(inherited) @executable_path/Frameworks @loader_path/Frameworks";
				PRODUCT_BUNDLE_IDENTIFIER = dm.gov.ae.GeographicalAppTests;
				PRODUCT_NAME = "$(TARGET_NAME)";
				SWIFT_VERSION = 4.0;
				TARGETED_DEVICE_FAMILY = "1,2";
				TEST_HOST = "$(BUILT_PRODUCTS_DIR)/GeographicalApp.app/GeographicalApp";
			};
			name = Debug;
		};
		913E8646202DAF7A0091F059 /* Release */ = {
			isa = XCBuildConfiguration;
			baseConfigurationReference = B5847DFC0B922A16EAE193C5 /* Pods-GeographicalAppTests.release.xcconfig */;
			buildSettings = {
				ALWAYS_EMBED_SWIFT_STANDARD_LIBRARIES = YES;
				BUNDLE_LOADER = "$(TEST_HOST)";
				CODE_SIGN_STYLE = Automatic;
				INFOPLIST_FILE = GeographicalAppTests/Info.plist;
				LD_RUNPATH_SEARCH_PATHS = "$(inherited) @executable_path/Frameworks @loader_path/Frameworks";
				PRODUCT_BUNDLE_IDENTIFIER = dm.gov.ae.GeographicalAppTests;
				PRODUCT_NAME = "$(TARGET_NAME)";
				SWIFT_VERSION = 4.0;
				TARGETED_DEVICE_FAMILY = "1,2";
				TEST_HOST = "$(BUILT_PRODUCTS_DIR)/GeographicalApp.app/GeographicalApp";
			};
			name = Release;
		};
		913E8648202DAF7A0091F059 /* Debug */ = {
			isa = XCBuildConfiguration;
			baseConfigurationReference = D66AEA2FE5CEAE0C08943909 /* Pods-GeographicalAppUITests.debug.xcconfig */;
			buildSettings = {
				ALWAYS_EMBED_SWIFT_STANDARD_LIBRARIES = YES;
				CODE_SIGN_STYLE = Automatic;
				INFOPLIST_FILE = GeographicalAppUITests/Info.plist;
				LD_RUNPATH_SEARCH_PATHS = "$(inherited) @executable_path/Frameworks @loader_path/Frameworks";
				PRODUCT_BUNDLE_IDENTIFIER = dm.gov.ae.GeographicalAppUITests;
				PRODUCT_NAME = "$(TARGET_NAME)";
				SWIFT_VERSION = 4.0;
				TARGETED_DEVICE_FAMILY = "1,2";
				TEST_TARGET_NAME = GeographicalApp;
			};
			name = Debug;
		};
		913E8649202DAF7A0091F059 /* Release */ = {
			isa = XCBuildConfiguration;
			baseConfigurationReference = 49F31503C21D3C3C8549C589 /* Pods-GeographicalAppUITests.release.xcconfig */;
			buildSettings = {
				ALWAYS_EMBED_SWIFT_STANDARD_LIBRARIES = YES;
				CODE_SIGN_STYLE = Automatic;
				INFOPLIST_FILE = GeographicalAppUITests/Info.plist;
				LD_RUNPATH_SEARCH_PATHS = "$(inherited) @executable_path/Frameworks @loader_path/Frameworks";
				PRODUCT_BUNDLE_IDENTIFIER = dm.gov.ae.GeographicalAppUITests;
				PRODUCT_NAME = "$(TARGET_NAME)";
				SWIFT_VERSION = 4.0;
				TARGETED_DEVICE_FAMILY = "1,2";
				TEST_TARGET_NAME = GeographicalApp;
			};
			name = Release;
		};
/* End XCBuildConfiguration section */

/* Begin XCConfigurationList section */
		913E8614202DAF7A0091F059 /* Build configuration list for PBXProject "GeographicalApp" */ = {
			isa = XCConfigurationList;
			buildConfigurations = (
				913E863F202DAF7A0091F059 /* Debug */,
				913E8640202DAF7A0091F059 /* Release */,
			);
			defaultConfigurationIsVisible = 0;
			defaultConfigurationName = Release;
		};
		913E8641202DAF7A0091F059 /* Build configuration list for PBXNativeTarget "GeographicalApp" */ = {
			isa = XCConfigurationList;
			buildConfigurations = (
				913E8642202DAF7A0091F059 /* Debug */,
				913E8643202DAF7A0091F059 /* Release */,
			);
			defaultConfigurationIsVisible = 0;
			defaultConfigurationName = Release;
		};
		913E8644202DAF7A0091F059 /* Build configuration list for PBXNativeTarget "GeographicalAppTests" */ = {
			isa = XCConfigurationList;
			buildConfigurations = (
				913E8645202DAF7A0091F059 /* Debug */,
				913E8646202DAF7A0091F059 /* Release */,
			);
			defaultConfigurationIsVisible = 0;
			defaultConfigurationName = Release;
		};
		913E8647202DAF7A0091F059 /* Build configuration list for PBXNativeTarget "GeographicalAppUITests" */ = {
			isa = XCConfigurationList;
			buildConfigurations = (
				913E8648202DAF7A0091F059 /* Debug */,
				913E8649202DAF7A0091F059 /* Release */,
			);
			defaultConfigurationIsVisible = 0;
			defaultConfigurationName = Release;
		};
/* End XCConfigurationList section */
	};
	rootObject = 913E8611202DAF7A0091F059 /* Project object */;
}
